
Microsoft Visual Studio Solution File, Format Version 12.00
# Visual Studio 15
VisualStudioVersion = 15.0.26124.0
MinimumVisualStudioVersion = 15.0.26124.0
Project("{2150E333-8FDC-42A3-9474-1A3956D46DE8}") = "src", "src", "{A8C3AD29-5CBB-41D2-9B80-79E8F66BA3A4}"
EndProject
Project("{FAE04EC0-301F-11D3-BF4B-00C04F79EFBC}") = "sombis", "src\sombis\sombis.csproj", "{DD2A03F1-DAD0-46F1-868C-F13481A601E0}"
EndProject
Project("{2150E333-8FDC-42A3-9474-1A3956D46DE8}") = "test", "test", "{79854413-ECD5-402E-89D2-C8C34145FCB1}"
EndProject
Project("{FAE04EC0-301F-11D3-BF4B-00C04F79EFBC}") = "sombis.Tests", "test\sombis.Tests\sombis.Tests.csproj", "{C93AB2B2-48E9-45EE-A346-0FDA0C72377F}"
EndProject
Project("{2150E333-8FDC-42A3-9474-1A3956D46DE8}") = "analysis", "analysis", "{4B58503E-258E-4117-8153-4C347510FAD1}"
EndProject
Project("{FAE04EC0-301F-11D3-BF4B-00C04F79EFBC}") = "sombis.DistibutionCheck", "analysis\sombis.DistibutionCheck\sombis.DistibutionCheck.csproj", "{D0ABEE37-9859-40B4-8D00-0790D9B25D17}"
EndProject
Project("{FAE04EC0-301F-11D3-BF4B-00C04F79EFBC}") = "sombis.Core", "src\sombis.Core\sombis.Core.csproj", "{2C45F15D-549C-423E-B67C-86BA61C1E596}"
EndProject
Global
	GlobalSection(SolutionConfigurationPlatforms) = preSolution
		Debug|Any CPU = Debug|Any CPU
		Debug|x64 = Debug|x64
		Debug|x86 = Debug|x86
		Release|Any CPU = Release|Any CPU
		Release|x64 = Release|x64
		Release|x86 = Release|x86
	EndGlobalSection
	GlobalSection(SolutionProperties) = preSolution
		HideSolutionNode = FALSE
	EndGlobalSection
	GlobalSection(ProjectConfigurationPlatforms) = postSolution
		{DD2A03F1-DAD0-46F1-868C-F13481A601E0}.Debug|Any CPU.ActiveCfg = Debug|Any CPU
		{DD2A03F1-DAD0-46F1-868C-F13481A601E0}.Debug|Any CPU.Build.0 = Debug|Any CPU
		{DD2A03F1-DAD0-46F1-868C-F13481A601E0}.Debug|x64.ActiveCfg = Debug|Any CPU
		{DD2A03F1-DAD0-46F1-868C-F13481A601E0}.Debug|x64.Build.0 = Debug|Any CPU
		{DD2A03F1-DAD0-46F1-868C-F13481A601E0}.Debug|x86.ActiveCfg = Debug|Any CPU
		{DD2A03F1-DAD0-46F1-868C-F13481A601E0}.Debug|x86.Build.0 = Debug|Any CPU
		{DD2A03F1-DAD0-46F1-868C-F13481A601E0}.Release|Any CPU.ActiveCfg = Release|Any CPU
		{DD2A03F1-DAD0-46F1-868C-F13481A601E0}.Release|Any CPU.Build.0 = Release|Any CPU
		{DD2A03F1-DAD0-46F1-868C-F13481A601E0}.Release|x64.ActiveCfg = Release|Any CPU
		{DD2A03F1-DAD0-46F1-868C-F13481A601E0}.Release|x64.Build.0 = Release|Any CPU
		{DD2A03F1-DAD0-46F1-868C-F13481A601E0}.Release|x86.ActiveCfg = Release|Any CPU
		{DD2A03F1-DAD0-46F1-868C-F13481A601E0}.Release|x86.Build.0 = Release|Any CPU
		{C93AB2B2-48E9-45EE-A346-0FDA0C72377F}.Debug|Any CPU.ActiveCfg = Debug|Any CPU
		{C93AB2B2-48E9-45EE-A346-0FDA0C72377F}.Debug|Any CPU.Build.0 = Debug|Any CPU
		{C93AB2B2-48E9-45EE-A346-0FDA0C72377F}.Debug|x64.ActiveCfg = Debug|Any CPU
		{C93AB2B2-48E9-45EE-A346-0FDA0C72377F}.Debug|x64.Build.0 = Debug|Any CPU
		{C93AB2B2-48E9-45EE-A346-0FDA0C72377F}.Debug|x86.ActiveCfg = Debug|Any CPU
		{C93AB2B2-48E9-45EE-A346-0FDA0C72377F}.Debug|x86.Build.0 = Debug|Any CPU
		{C93AB2B2-48E9-45EE-A346-0FDA0C72377F}.Release|Any CPU.ActiveCfg = Release|Any CPU
		{C93AB2B2-48E9-45EE-A346-0FDA0C72377F}.Release|Any CPU.Build.0 = Release|Any CPU
		{C93AB2B2-48E9-45EE-A346-0FDA0C72377F}.Release|x64.ActiveCfg = Release|Any CPU
		{C93AB2B2-48E9-45EE-A346-0FDA0C72377F}.Release|x64.Build.0 = Release|Any CPU
		{C93AB2B2-48E9-45EE-A346-0FDA0C72377F}.Release|x86.ActiveCfg = Release|Any CPU
		{C93AB2B2-48E9-45EE-A346-0FDA0C72377F}.Release|x86.Build.0 = Release|Any CPU
		{D0ABEE37-9859-40B4-8D00-0790D9B25D17}.Debug|Any CPU.ActiveCfg = Debug|Any CPU
		{D0ABEE37-9859-40B4-8D00-0790D9B25D17}.Debug|Any CPU.Build.0 = Debug|Any CPU
		{D0ABEE37-9859-40B4-8D00-0790D9B25D17}.Debug|x64.ActiveCfg = Debug|Any CPU
		{D0ABEE37-9859-40B4-8D00-0790D9B25D17}.Debug|x64.Build.0 = Debug|Any CPU
		{D0ABEE37-9859-40B4-8D00-0790D9B25D17}.Debug|x86.ActiveCfg = Debug|Any CPU
		{D0ABEE37-9859-40B4-8D00-0790D9B25D17}.Debug|x86.Build.0 = Debug|Any CPU
		{D0ABEE37-9859-40B4-8D00-0790D9B25D17}.Release|Any CPU.ActiveCfg = Release|Any CPU
		{D0ABEE37-9859-40B4-8D00-0790D9B25D17}.Release|Any CPU.Build.0 = Release|Any CPU
		{D0ABEE37-9859-40B4-8D00-0790D9B25D17}.Release|x64.ActiveCfg = Release|Any CPU
		{D0ABEE37-9859-40B4-8D00-0790D9B25D17}.Release|x64.Build.0 = Release|Any CPU
		{D0ABEE37-9859-40B4-8D00-0790D9B25D17}.Release|x86.ActiveCfg = Release|Any CPU
		{D0ABEE37-9859-40B4-8D00-0790D9B25D17}.Release|x86.Build.0 = Release|Any CPU
		{2C45F15D-549C-423E-B67C-86BA61C1E596}.Debug|Any CPU.ActiveCfg = Debug|Any CPU
		{2C45F15D-549C-423E-B67C-86BA61C1E596}.Debug|Any CPU.Build.0 = Debug|Any CPU
		{2C45F15D-549C-423E-B67C-86BA61C1E596}.Debug|x64.ActiveCfg = Debug|Any CPU
		{2C45F15D-549C-423E-B67C-86BA61C1E596}.Debug|x64.Build.0 = Debug|Any CPU
		{2C45F15D-549C-423E-B67C-86BA61C1E596}.Debug|x86.ActiveCfg = Debug|Any CPU
		{2C45F15D-549C-423E-B67C-86BA61C1E596}.Debug|x86.Build.0 = Debug|Any CPU
		{2C45F15D-549C-423E-B67C-86BA61C1E596}.Release|Any CPU.ActiveCfg = Release|Any CPU
		{2C45F15D-549C-423E-B67C-86BA61C1E596}.Release|Any CPU.Build.0 = Release|Any CPU
		{2C45F15D-549C-423E-B67C-86BA61C1E596}.Release|x64.ActiveCfg = Release|Any CPU
		{2C45F15D-549C-423E-B67C-86BA61C1E596}.Release|x64.Build.0 = Release|Any CPU
		{2C45F15D-549C-423E-B67C-86BA61C1E596}.Release|x86.ActiveCfg = Release|Any CPU
		{2C45F15D-549C-423E-B67C-86BA61C1E596}.Release|x86.Build.0 = Release|Any CPU
	EndGlobalSection
	GlobalSection(NestedProjects) = preSolution
		{DD2A03F1-DAD0-46F1-868C-F13481A601E0} = {A8C3AD29-5CBB-41D2-9B80-79E8F66BA3A4}
		{C93AB2B2-48E9-45EE-A346-0FDA0C72377F} = {79854413-ECD5-402E-89D2-C8C34145FCB1}
		{D0ABEE37-9859-40B4-8D00-0790D9B25D17} = {4B58503E-258E-4117-8153-4C347510FAD1}
		{2C45F15D-549C-423E-B67C-86BA61C1E596} = {A8C3AD29-5CBB-41D2-9B80-79E8F66BA3A4}
	EndGlobalSection
EndGlobal
